# This file is autogenerated, do not edit; changes may be undone by the next 'dep ensure'.


[[projects]]
  digest = "1:25e90949d88e66bcbb646626a293c77a97237b37a8f854c1e8ae817b74b5c2cf"
  name = "cloud.google.com/go"
  packages = [
    "compute/metadata",
    "iam",
    "internal",
    "internal/optional",
    "internal/trace",
    "internal/version",
    "storage",
  ]
  pruneopts = ""
  revision = "c9474f2f8deb81759839474b6bd1726bbfe1c1c4"
  version = "v0.36.0"

[[projects]]
  branch = "develop"
  digest = "1:ff906bb3105dff5adae7bbb1e6d96e76a1978b37098f367dabb6273c0ed7c856"
  name = "github.com/CovenantSQL/CovenantSQL"
  packages = [
    "blockproducer",
    "blockproducer/interfaces",
    "client",
    "conf",
    "consistent",
    "crypto",
    "crypto/asymmetric",
    "crypto/etls",
    "crypto/hash",
    "crypto/kms",
    "crypto/secp256k1",
    "crypto/symmetric",
    "crypto/verifier",
    "merkle",
    "naconn",
    "pow/cpuminer",
    "proto",
    "route",
    "rpc",
    "rpc/mux",
    "storage",
    "twopc",
    "types",
    "utils",
    "utils/log",
    "utils/trace",
    "xenomint/interfaces",
    "xenomint/sqlite",
  ]
  pruneopts = ""
  revision = "f676b009921d26753e8f35366f892fe38102665c"

[[projects]]
  digest = "1:eb83163ae01838cb1dc3cb1b798f306597673e935f85b0e23ed09793ba3ce2cf"
  name = "github.com/CovenantSQL/HashStablePack"
  packages = ["marshalhash"]
  pruneopts = ""
  revision = "6ae9d78bb97f20c0dbbdb74485974242bbbbdad5"
  version = "v2.0.0"

[[projects]]
  branch = "master"
  digest = "1:36a7ce1536a6180a17cde1139aa5072149d5d438a08b5b063ea10e5165faefb8"
  name = "github.com/CovenantSQL/beacon"
  packages = ["ipv6"]
  pruneopts = ""
  revision = "9f84f37adc0c8ead41f8a1135bdedfd86403fb8b"

[[projects]]
  digest = "1:bc03901fc8f0965ccba8bc453eae21a9b04f95999eab664c7de6dc7290f4e8f4"
  name = "github.com/CovenantSQL/go-sqlite3-encrypt"
  packages = ["."]
  pruneopts = ""
  revision = "25ecb14adfc7543176f7d85291ec7dba82c6f7e4"
  version = "v1.9.0"

[[projects]]
  digest = "1:d5125fb46407e30979999ed235fc0ceabda5aa992cc701c176fd6cff791f1550"
  name = "github.com/aws/aws-sdk-go"
  packages = [
    "aws",
    "aws/awserr",
    "aws/awsutil",
    "aws/client",
    "aws/client/metadata",
    "aws/corehandlers",
    "aws/credentials",
    "aws/credentials/ec2rolecreds",
    "aws/credentials/endpointcreds",
    "aws/credentials/processcreds",
    "aws/credentials/stscreds",
    "aws/csm",
    "aws/defaults",
    "aws/ec2metadata",
    "aws/endpoints",
    "aws/request",
    "aws/session",
    "aws/signer/v4",
    "internal/ini",
    "internal/s3err",
    "internal/sdkio",
    "internal/sdkrand",
    "internal/sdkuri",
    "internal/shareddefaults",
    "private/protocol",
    "private/protocol/eventstream",
    "private/protocol/eventstream/eventstreamapi",
    "private/protocol/query",
    "private/protocol/query/queryutil",
    "private/protocol/rest",
    "private/protocol/restxml",
    "private/protocol/xml/xmlutil",
    "service/s3",
    "service/s3/s3iface",
    "service/s3/s3manager",
    "service/sts",
  ]
  pruneopts = ""
  revision = "3f4520a9e0e2eff8bf1ef6da734d373c4c368429"
  version = "v1.17.8"

[[projects]]
  branch = "master"
  digest = "1:e7f6b2a01a90e1062f98d29553412567d0b0353c7836a8a174cb4645f5632f47"
  name = "github.com/btcsuite/btcd"
  packages = ["btcec"]
  pruneopts = ""
  revision = "306aecffea325e97f513b3ff0cf7895a5310651d"

[[projects]]
  branch = "master"
  digest = "1:a3c0d31bef4a0722547195420c08308f5b82cbc989555e566a37bf37010efc47"
  name = "github.com/btcsuite/btcutil"
  packages = ["base58"]
  pruneopts = ""
  revision = "4c204d6978034c001714728401fcd63060d568b4"

[[projects]]
  digest = "1:5e28203babfbe4fa2c77b35556f8e8cc798cc4a2990efaf567f7a3e308460035"
  name = "github.com/disintegration/gift"
  packages = ["."]
  pruneopts = ""
  revision = "e7b6d79ff1929f7f71e2de01198850f4e50db244"
  version = "v1.2.0"

[[projects]]
  branch = "master"
  digest = "1:e10a1ee64e67e844162a347b7c5abd657c332e30248c718d8ff09378ef5117ff"
  name = "github.com/disintegration/letteravatar"
  packages = ["."]
  pruneopts = ""
  revision = "1a457b860450eb157f092fdc511993cfa621cc37"

[[projects]]
  digest = "1:26d175e5ae3907016981aae86d2ef8acbbb94391a2b6a01b96a5f7fb682dc04c"
  name = "github.com/go-chi/chi"
  packages = [
    ".",
    "middleware",
  ]
  pruneopts = ""
  revision = "08d9051ef6546d57c5dca8eae13e6df362e2d568"
  version = "v3.3.4"

[[projects]]
  branch = "master"
  digest = "1:05f7dd1dc7530cd6b959f8b49660cd898f8dc9601b4e764ef9bdf211e6318774"
  name = "github.com/golang/freetype"
  packages = [
    ".",
    "raster",
    "truetype",
  ]
  pruneopts = ""
  revision = "e2365dfdc4a05e4b8299a783240d4a7d5a65d4e4"

[[projects]]
  digest = "1:d3d38150b6d77b2aad42a9e105170538b6563518993d43df78a1add6e31cce62"
  name = "github.com/golang/protobuf"
  packages = [
    "proto",
    "protoc-gen-go/descriptor",
    "ptypes",
    "ptypes/any",
    "ptypes/duration",
    "ptypes/timestamp",
  ]
  pruneopts = ""
  revision = "c823c79ea1570fb5ff454033735a8e68575d1d0f"
  version = "v1.3.0"

[[projects]]
  digest = "1:55c1b46a80db2baf4d762c1d0b5cb4946e46125baa02b8959310abab15b54aee"
  name = "github.com/googleapis/gax-go"
  packages = ["v2"]
  pruneopts = ""
  revision = "c8a15bac9b9fe955bd9f900272f9a306465d28cf"
  version = "v2.0.3"

[[projects]]
  digest = "1:85f8f8d390a03287a563e215ea6bd0610c858042731a8b42062435a0dcbc485f"
  name = "github.com/hashicorp/golang-lru"
  packages = [
    ".",
    "simplelru",
  ]
  pruneopts = ""
  revision = "7087cb70de9f7a8bc0a10c375cb0d2280a8edf9c"
  version = "v0.5.1"

[[projects]]
  digest = "1:d14365c51dd1d34d5c79833ec91413bfbb166be978724f15701e17080dc06dec"
  name = "github.com/hashicorp/hcl"
  packages = [
    ".",
    "hcl/ast",
    "hcl/parser",
    "hcl/scanner",
    "hcl/strconv",
    "hcl/token",
    "json/parser",
    "json/scanner",
    "json/token",
  ]
  pruneopts = ""
  revision = "8cb6e5b959231cc1119e43259c4a608f9c51a241"
  version = "v1.0.0"

[[projects]]
  digest = "1:13fe471d0ed891e8544eddfeeb0471fd3c9f2015609a1c000aefdedf52a19d40"
  name = "github.com/jmespath/go-jmespath"
  packages = ["."]
  pruneopts = ""
  revision = "c2b33e84"

[[projects]]
  digest = "1:b60a24f942c7031ece6c48bcab0b683c7d3d6aa9fd17e21459d9ae604da258fa"
  name = "github.com/kelseyhightower/envconfig"
  packages = ["."]
  pruneopts = ""
  revision = "f611eb38b3875cc3bd991ca91c51d06446afa14c"
  version = "v1.3.0"

[[projects]]
  digest = "1:0f51cee70b0d254dbc93c22666ea2abf211af81c1701a96d04e2284b408621db"
  name = "github.com/konsorten/go-windows-terminal-sequences"
  packages = ["."]
  pruneopts = ""
  revision = "f55edac94c9bbba5d6182a4be46d86a2c9b5b50e"
  version = "v1.0.2"

[[projects]]
  branch = "master"
  digest = "1:c485395b7f2482c29d261f62e1bc2d263de703eb02a6dba83c62810981b5860f"
  name = "github.com/minio/blake2b-simd"
  packages = ["."]
  pruneopts = ""
  revision = "3f5f724cb5b182a5c278d6d3d55b40e7f8c2efb4"

[[projects]]
  branch = "master"
  digest = "1:bdbab69b21c3c0409e24b3ec53a9bdf2c2dbc3d80bbe73e8d0c8ebc47f660e3d"
  name = "github.com/mohae/deepcopy"
  packages = ["."]
  pruneopts = ""
  revision = "c48cc78d482608239f6c4c92a4abd87eb8761c90"

[[projects]]
  digest = "1:210286d0cb60ffe28f1ca00b664029e8943009f95d06d8f8c336301b28e1aee5"
  name = "github.com/philhofer/fwd"
  packages = ["."]
  pruneopts = ""
  revision = "bb6d471dc95d4fe11e432687f8b70ff496cf3136"
  version = "v1.0.0"

[[projects]]
  digest = "1:1d7e1867c49a6dd9856598ef7c3123604ea3daabf5b83f303ff457bcbc410b1d"
  name = "github.com/pkg/errors"
  packages = ["."]
  pruneopts = ""
  revision = "ba968bfe8b2f7e042a574c888954fccecfa385b4"
  version = "v0.8.1"

[[projects]]
  branch = "go1"
  digest = "1:06af207049c864aa8d54a1c394f99015dbd088b35de289b5bdce0e2bf417fd73"
  name = "github.com/rwcarlsen/goexif"
  packages = [
    "exif",
    "tiff",
  ]
  pruneopts = ""
  revision = "b1fd11e07dc5bc0d2ca3b79d28cbdf3c6d186247"

[[projects]]
  digest = "1:7f569d906bdd20d906b606415b7d794f798f91a62fcfb6a4daa6d50690fb7a3f"
  name = "github.com/satori/go.uuid"
  packages = ["."]
  pruneopts = ""
  revision = "f58768cc1a7a7e77a3bd49e98cdd21419399b6a3"
  version = "v1.2.0"

[[projects]]
  digest = "1:9a3c631555e0351fdc4e696577bb63afd90c399d782a8462dba9d100d7021db3"
  name = "github.com/sirupsen/logrus"
  packages = ["."]
  pruneopts = ""
  revision = "e1e72e9de974bd926e5c56f83753fba2df402ce5"
  version = "v1.3.0"

[[projects]]
  digest = "1:8703f33f6e1c039c3c254f7010008d19e2766b69757d550dae2c2a6e0dd1f6ad"
  name = "github.com/tchap/go-patricia"
  packages = ["patricia"]
  pruneopts = ""
  revision = "a7f0089c6f496e8e70402f61733606daa326cac5"
  version = "v2.3.0"

[[projects]]
  digest = "1:2c6f07b1cfb95e87dc50e1b0ea63c8fe884720c315baec76c1da65306ef4f68b"
  name = "github.com/ugorji/go"
  packages = ["codec"]
  pruneopts = ""
  revision = "8fd0f8d918c8f0b52d0af210a812ba882cc31a1e"
  version = "v1.1.2"

[[projects]]
  digest = "1:0a8e2c397be461c4ee536bc922d7aa5e7cdd3a969687391a82743a368c691da1"
  name = "github.com/xtaci/smux"
  packages = ["."]
  pruneopts = ""
  revision = "f4f6ca39c6952883b801c3fa7f5f0bcdb772d7f9"
  version = "v1.1.1"

[[projects]]
  digest = "1:2e6041bb6b847f6451e02833285258b07dcf8e779540b329ec6400730ba11c0d"
  name = "github.com/zserge/metric"
  packages = ["."]
  pruneopts = ""
  revision = "0941fa223948f2050fcc7d13ee7369327faf6c11"
  version = "v0.1.0"

[[projects]]
  digest = "1:b1bb9332f6cb7821a730e1681819b2813340eba5e873f05381815a7c6807d172"
  name = "go.opencensus.io"
  packages = [
    ".",
    "exemplar",
    "internal",
    "internal/tagencoding",
    "plugin/ochttp",
    "plugin/ochttp/propagation/b3",
    "stats",
    "stats/internal",
    "stats/view",
    "tag",
    "trace",
    "trace/internal",
    "trace/propagation",
    "trace/tracestate",
  ]
  pruneopts = ""
  revision = "2b5032d79456124f42db6b7eb19ac6c155449dc2"
  version = "v0.19.0"

[[projects]]
  branch = "master"
  digest = "1:7a77b79efe106f3304dcf50dc86836151758f246169b527722552a5eb2ae14fc"
  name = "golang.org/x/crypto"
  packages = ["ssh/terminal"]
  pruneopts = ""
  revision = "8dd112bcdc25174059e45e07517d9fc663123347"

[[projects]]
  branch = "master"
  digest = "1:6b0fe2e5a552806c5fbfb6a6b6a08c2a3306e1fe54078f66569d5f94950db2ae"
  name = "golang.org/x/image"
  packages = [
    "bmp",
    "font",
    "math/fixed",
    "riff",
    "tiff",
    "tiff/lzw",
    "vp8",
    "vp8l",
    "webp",
  ]
  pruneopts = ""
  revision = "0694c2d4d067f97ebef574d63a763ee8ab559da7"

[[projects]]
  branch = "master"
  digest = "1:2b08539d056d6b2da4233648f5014d84cb70a9c278523374c75776a75a32d03e"
  name = "golang.org/x/net"
  packages = [
    "context",
    "context/ctxhttp",
    "http/httpguts",
    "http2",
    "http2/hpack",
    "idna",
    "internal/timeseries",
    "trace",
  ]
  pruneopts = ""
  revision = "92fc7df08ae7536330f5a21328292abfa70520a8"

[[projects]]
  branch = "master"
  digest = "1:ffae4a89b63a2c845533a393b3340f8696898b11b71da1b187f82f08135c23a0"
  name = "golang.org/x/oauth2"
  packages = [
    ".",
    "facebook",
    "github",
    "google",
    "internal",
    "jws",
    "jwt",
  ]
  pruneopts = ""
  revision = "e64efc72b421e893cbf63f17ba2221e7d6d0b0f3"

[[projects]]
  branch = "master"
  digest = "1:74ce8329385730bb2d01e4e91b66183beceeb1512084e4253653ac2439f1ef8c"
  name = "golang.org/x/sys"
  packages = [
    "unix",
    "windows",
  ]
  pruneopts = ""
  revision = "a34e9553db1e492c9a76e60db2296ae7e5fbb772"

[[projects]]
  digest = "1:5acd3512b047305d49e8763eef7ba423901e85d5dd2fd1e71778a0ea8de10bd4"
  name = "golang.org/x/text"
  packages = [
    "collate",
    "collate/build",
    "internal/colltab",
    "internal/gen",
    "internal/tag",
    "internal/triegen",
    "internal/ucd",
    "language",
    "secure/bidirule",
    "transform",
    "unicode/bidi",
    "unicode/cldr",
    "unicode/norm",
    "unicode/rangetable",
  ]
  pruneopts = ""
  revision = "f21a4dfb5e38f5895301dc265a8def02365cc3d0"
  version = "v0.3.0"

[[projects]]
  digest = "1:1ef3746d0b0a2ab4147e9fe251202756ff89d181c3c3cc67abdf40e375243cbc"
  name = "google.golang.org/api"
  packages = [
    "gensupport",
    "googleapi",
    "googleapi/internal/uritemplates",
    "googleapi/transport",
    "internal",
    "iterator",
    "option",
    "storage/v1",
    "transport/http",
    "transport/http/internal/propagation",
  ]
  pruneopts = ""
  revision = "19e022d8cf43ce81f046bae8cc18c5397cc7732f"
  version = "v0.1.0"

[[projects]]
  digest = "1:bc09e719c4e2a15d17163f5272d9a3131c45d77542b7fdc53ff518815bc19ab3"
  name = "google.golang.org/appengine"
  packages = [
    ".",
    "internal",
    "internal/app_identity",
    "internal/base",
    "internal/datastore",
    "internal/log",
    "internal/modules",
    "internal/remote_api",
    "internal/urlfetch",
    "urlfetch",
  ]
  pruneopts = ""
  revision = "e9657d882bb81064595ca3b56cbe2546bbabf7b1"
  version = "v1.4.0"

[[projects]]
  branch = "master"
  digest = "1:bedc60c52eb064eca6d7ce3321602522c5f50b6635aa7bc93c5624f1e65f9eda"
  name = "google.golang.org/genproto"
  packages = [
    "googleapis/api/annotations",
    "googleapis/iam/v1",
    "googleapis/rpc/code",
    "googleapis/rpc/status",
  ]
  pruneopts = ""
  revision = "4f5b463f9597cbe0dd13a6a2cd4f85e788d27508"

[[projects]]
  digest = "1:b6c17b0c657f047118ae59b358950b28515914512cf3de02388cc42e33a92520"
  name = "google.golang.org/grpc"
  packages = [
    ".",
    "balancer",
    "balancer/base",
    "balancer/roundrobin",
    "binarylog/grpc_binarylog_v1",
    "codes",
    "connectivity",
    "credentials",
    "credentials/internal",
    "encoding",
    "encoding/proto",
    "grpclog",
    "internal",
    "internal/backoff",
    "internal/binarylog",
    "internal/channelz",
    "internal/envconfig",
    "internal/grpcrand",
    "internal/grpcsync",
    "internal/syscall",
    "internal/transport",
    "keepalive",
    "metadata",
    "naming",
    "peer",
    "resolver",
    "resolver/dns",
    "resolver/passthrough",
    "stats",
    "status",
    "tap",
  ]
  pruneopts = ""
  revision = "2fdaae294f38ed9a121193c51ec99fecd3b13eb7"
  version = "v1.19.0"

[[projects]]
  digest = "1:6098222470fe0172157ce9bbef5d2200df4edde17ee649c5d6e48330e4afa4c6"
  name = "gopkg.in/dgrijalva/jwt-go.v3"
  packages = ["."]
  pruneopts = ""
  revision = "06ea1031745cb8b3dab3f6a236daf2b0aa468b7e"
  version = "v3.2.0"

[[projects]]
  digest = "1:cedccf16b71e86db87a24f8d4c70b0a855872eb967cb906a66b95de56aefbd0d"
  name = "gopkg.in/yaml.v2"
  packages = ["."]
  pruneopts = ""
  revision = "51d6538a90f86fe93ac480b35f37b2be17fef232"
  version = "v2.2.2"

[solve-meta]
  analyzer-name = "dep"
  analyzer-version = 1
  input-imports = [
    "cloud.google.com/go/storage",
    "github.com/CovenantSQL/CovenantSQL/client",
    "github.com/aws/aws-sdk-go/aws",
    "github.com/aws/aws-sdk-go/aws/credentials",
    "github.com/aws/aws-sdk-go/aws/session",
    "github.com/aws/aws-sdk-go/service/s3",
    "github.com/aws/aws-sdk-go/service/s3/s3manager",
    "github.com/disintegration/gift",
    "github.com/disintegration/letteravatar",
    "github.com/go-chi/chi",
    "github.com/go-chi/chi/middleware",
    "github.com/hashicorp/hcl",
    "github.com/kelseyhightower/envconfig",
    "github.com/rwcarlsen/goexif/exif",
    "github.com/satori/go.uuid",
    "golang.org/x/image/bmp",
    "golang.org/x/image/tiff",
    "golang.org/x/image/webp",
    "golang.org/x/oauth2",
    "golang.org/x/oauth2/facebook",
    "golang.org/x/oauth2/github",
    "golang.org/x/oauth2/google",
    "google.golang.org/api/option",
    "gopkg.in/dgrijalva/jwt-go.v3",
  ]
  solver-name = "gps-cdcl"
  solver-version = 1
